
Microsoft Visual Studio Solution File, Format Version 12.00
# Visual Studio Version 17
VisualStudioVersion = 17.10.34928.147
MinimumVisualStudioVersion = 10.0.40219.1
Project("{FAE04EC0-301F-11D3-BF4B-00C04F79EFBC}") = "Presentation_Layer", "Presentation_Layer\Presentation_Layer.csproj", "{04040A43-2FEC-4571-80C3-76306780C276}"
EndProject
Project("{FAE04EC0-301F-11D3-BF4B-00C04F79EFBC}") = "Business_Layer", "Business_Layer\Business_Layer.csproj", "{DFB41B2B-62F0-4C3B-B653-9EC2E536B67A}"
EndProject
Project("{FAE04EC0-301F-11D3-BF4B-00C04F79EFBC}") = "Data_Access_Layer", "Data_Access_Layer\Data_Access_Layer.csproj", "{0455D96E-8AEF-48AB-A3D7-EAF38F5F2488}"
EndProject
Global
	GlobalSection(SolutionConfigurationPlatforms) = preSolution
		Debug|Any CPU = Debug|Any CPU
		Release|Any CPU = Release|Any CPU
	EndGlobalSection
	GlobalSection(ProjectConfigurationPlatforms) = postSolution
		{04040A43-2FEC-4571-80C3-76306780C276}.Debug|Any CPU.ActiveCfg = Debug|Any CPU
		{04040A43-2FEC-4571-80C3-76306780C276}.Debug|Any CPU.Build.0 = Debug|Any CPU
		{04040A43-2FEC-4571-80C3-76306780C276}.Release|Any CPU.ActiveCfg = Release|Any CPU
		{04040A43-2FEC-4571-80C3-76306780C276}.Release|Any CPU.Build.0 = Release|Any CPU
		{DFB41B2B-62F0-4C3B-B653-9EC2E536B67A}.Debug|Any CPU.ActiveCfg = Debug|Any CPU
		{DFB41B2B-62F0-4C3B-B653-9EC2E536B67A}.Debug|Any CPU.Build.0 = Debug|Any CPU
		{DFB41B2B-62F0-4C3B-B653-9EC2E536B67A}.Release|Any CPU.ActiveCfg = Release|Any CPU
		{DFB41B2B-62F0-4C3B-B653-9EC2E536B67A}.Release|Any CPU.Build.0 = Release|Any CPU
		{0455D96E-8AEF-48AB-A3D7-EAF38F5F2488}.Debug|Any CPU.ActiveCfg = Debug|Any CPU
		{0455D96E-8AEF-48AB-A3D7-EAF38F5F2488}.Debug|Any CPU.Build.0 = Debug|Any CPU
		{0455D96E-8AEF-48AB-A3D7-EAF38F5F2488}.Release|Any CPU.ActiveCfg = Release|Any CPU
		{0455D96E-8AEF-48AB-A3D7-EAF38F5F2488}.Release|Any CPU.Build.0 = Release|Any CPU
	EndGlobalSection
	GlobalSection(SolutionProperties) = preSolution
		HideSolutionNode = FALSE
	EndGlobalSection
	GlobalSection(ExtensibilityGlobals) = postSolution
		SolutionGuid = {32C86127-2373-4113-B844-B66DF050D933}
	EndGlobalSection
EndGlobal
